
Microsoft Visual Studio Solution File, Format Version 12.00
# Visual Studio Version 16
VisualStudioVersion = 16.0.30011.22
MinimumVisualStudioVersion = 10.0.40219.1
Project("{FAE04EC0-301F-11D3-BF4B-00C04F79EFBC}") = "ViewComponents", "ViewComponents\ViewComponents.csproj", "{AF8001B6-229C-4D18-AEAC-D99B9754B5C6}"
EndProject
Global
	GlobalSection(SolutionConfigurationPlatforms) = preSolution
		Debug|Any CPU = Debug|Any CPU
		Release|Any CPU = Release|Any CPU
	EndGlobalSection
	GlobalSection(ProjectConfigurationPlatforms) = postSolution
		{AF8001B6-229C-4D18-AEAC-D99B9754B5C6}.Debug|Any CPU.ActiveCfg = Debug|Any CPU
		{AF8001B6-229C-4D18-AEAC-D99B9754B5C6}.Debug|Any CPU.Build.0 = Debug|Any CPU
		{AF8001B6-229C-4D18-AEAC-D99B9754B5C6}.Release|Any CPU.ActiveCfg = Release|Any CPU
		{AF8001B6-229C-4D18-AEAC-D99B9754B5C6}.Release|Any CPU.Build.0 = Release|Any CPU
	EndGlobalSection
	GlobalSection(SolutionProperties) = preSolution
		HideSolutionNode = FALSE
	EndGlobalSection
	GlobalSection(ExtensibilityGlobals) = postSolution
		SolutionGuid = {D8646A6F-4644-4887-B8DF-B873CF795B8C}
	EndGlobalSection
EndGlobal
